
Microsoft Visual Studio Solution File, Format Version 12.00
# Visual Studio Version 16
VisualStudioVersion = 16.0.30204.135
MinimumVisualStudioVersion = 10.0.40219.1
Project("{FAE04EC0-301F-11D3-BF4B-00C04F79EFBC}") = "Atividade123_03", "classAnimal23.03\Atividade123_03.csproj", "{81C42578-BC19-435C-A7C4-47305BDE4B64}"
EndProject
Global
	GlobalSection(SolutionConfigurationPlatforms) = preSolution
		Debug|Any CPU = Debug|Any CPU
		Release|Any CPU = Release|Any CPU
	EndGlobalSection
	GlobalSection(ProjectConfigurationPlatforms) = postSolution
		{81C42578-BC19-435C-A7C4-47305BDE4B64}.Debug|Any CPU.ActiveCfg = Debug|Any CPU
		{81C42578-BC19-435C-A7C4-47305BDE4B64}.Debug|Any CPU.Build.0 = Debug|Any CPU
		{81C42578-BC19-435C-A7C4-47305BDE4B64}.Release|Any CPU.ActiveCfg = Release|Any CPU
		{81C42578-BC19-435C-A7C4-47305BDE4B64}.Release|Any CPU.Build.0 = Release|Any CPU
	EndGlobalSection
	GlobalSection(SolutionProperties) = preSolution
		HideSolutionNode = FALSE
	EndGlobalSection
	GlobalSection(ExtensibilityGlobals) = postSolution
		SolutionGuid = {42081E94-5DBD-4395-B075-4FE548F3CAD2}
	EndGlobalSection
EndGlobal
